
Microsoft Visual Studio Solution File, Format Version 12.00
# Visual Studio Version 16
VisualStudioVersion = 16.0.29709.97
MinimumVisualStudioVersion = 10.0.40219.1
Project("{FAE04EC0-301F-11D3-BF4B-00C04F79EFBC}") = "HousingEstate", "HousingEstate\HousingEstate.csproj", "{2754874E-4878-4BEE-AA79-49B1757A0A27}"
EndProject
Global
	GlobalSection(SolutionConfigurationPlatforms) = preSolution
		Debug|Any CPU = Debug|Any CPU
		Release|Any CPU = Release|Any CPU
	EndGlobalSection
	GlobalSection(ProjectConfigurationPlatforms) = postSolution
		{2754874E-4878-4BEE-AA79-49B1757A0A27}.Debug|Any CPU.ActiveCfg = Debug|Any CPU
		{2754874E-4878-4BEE-AA79-49B1757A0A27}.Debug|Any CPU.Build.0 = Debug|Any CPU
		{2754874E-4878-4BEE-AA79-49B1757A0A27}.Release|Any CPU.ActiveCfg = Release|Any CPU
		{2754874E-4878-4BEE-AA79-49B1757A0A27}.Release|Any CPU.Build.0 = Release|Any CPU
	EndGlobalSection
	GlobalSection(SolutionProperties) = preSolution
		HideSolutionNode = FALSE
	EndGlobalSection
	GlobalSection(ExtensibilityGlobals) = postSolution
		SolutionGuid = {473CBCDE-1742-416A-AB61-0B3717EFF8C1}
	EndGlobalSection
EndGlobal
